
Microsoft Visual Studio Solution File, Format Version 12.00
# Visual Studio Version 17
VisualStudioVersion = 17.6.33723.286
MinimumVisualStudioVersion = 10.0.40219.1
Project("{FAE04EC0-301F-11D3-BF4B-00C04F79EFBC}") = "eumatamboS3.Android", "eumatamboS3.Android\eumatamboS3.Android.csproj", "{8A5D4491-0559-4212-A82A-DF7D78839F7D}"
EndProject
Project("{FAE04EC0-301F-11D3-BF4B-00C04F79EFBC}") = "eumatamboS3.iOS", "eumatamboS3.iOS\eumatamboS3.iOS.csproj", "{115F46EE-90F7-4AB8-A15A-AB2DB3280D3A}"
EndProject
Project("{FAE04EC0-301F-11D3-BF4B-00C04F79EFBC}") = "eumatamboS3", "eumatamboS3\eumatamboS3.csproj", "{9CAF221F-F9B4-4D7D-948D-9BE9380DC664}"
EndProject
Global
	GlobalSection(SolutionConfigurationPlatforms) = preSolution
		Debug|Any CPU = Debug|Any CPU
		Debug|iPhone = Debug|iPhone
		Debug|iPhoneSimulator = Debug|iPhoneSimulator
		Release|Any CPU = Release|Any CPU
		Release|iPhone = Release|iPhone
		Release|iPhoneSimulator = Release|iPhoneSimulator
	EndGlobalSection
	GlobalSection(ProjectConfigurationPlatforms) = postSolution
		{8A5D4491-0559-4212-A82A-DF7D78839F7D}.Debug|Any CPU.ActiveCfg = Debug|Any CPU
		{8A5D4491-0559-4212-A82A-DF7D78839F7D}.Debug|Any CPU.Build.0 = Debug|Any CPU
		{8A5D4491-0559-4212-A82A-DF7D78839F7D}.Debug|Any CPU.Deploy.0 = Debug|Any CPU
		{8A5D4491-0559-4212-A82A-DF7D78839F7D}.Debug|iPhone.ActiveCfg = Debug|Any CPU
		{8A5D4491-0559-4212-A82A-DF7D78839F7D}.Debug|iPhone.Build.0 = Debug|Any CPU
		{8A5D4491-0559-4212-A82A-DF7D78839F7D}.Debug|iPhone.Deploy.0 = Debug|Any CPU
		{8A5D4491-0559-4212-A82A-DF7D78839F7D}.Debug|iPhoneSimulator.ActiveCfg = Debug|Any CPU
		{8A5D4491-0559-4212-A82A-DF7D78839F7D}.Debug|iPhoneSimulator.Build.0 = Debug|Any CPU
		{8A5D4491-0559-4212-A82A-DF7D78839F7D}.Debug|iPhoneSimulator.Deploy.0 = Debug|Any CPU
		{8A5D4491-0559-4212-A82A-DF7D78839F7D}.Release|Any CPU.ActiveCfg = Release|Any CPU
		{8A5D4491-0559-4212-A82A-DF7D78839F7D}.Release|Any CPU.Build.0 = Release|Any CPU
		{8A5D4491-0559-4212-A82A-DF7D78839F7D}.Release|Any CPU.Deploy.0 = Release|Any CPU
		{8A5D4491-0559-4212-A82A-DF7D78839F7D}.Release|iPhone.ActiveCfg = Release|Any CPU
		{8A5D4491-0559-4212-A82A-DF7D78839F7D}.Release|iPhone.Build.0 = Release|Any CPU
		{8A5D4491-0559-4212-A82A-DF7D78839F7D}.Release|iPhone.Deploy.0 = Release|Any CPU
		{8A5D4491-0559-4212-A82A-DF7D78839F7D}.Release|iPhoneSimulator.ActiveCfg = Release|Any CPU
		{8A5D4491-0559-4212-A82A-DF7D78839F7D}.Release|iPhoneSimulator.Build.0 = Release|Any CPU
		{8A5D4491-0559-4212-A82A-DF7D78839F7D}.Release|iPhoneSimulator.Deploy.0 = Release|Any CPU
		{115F46EE-90F7-4AB8-A15A-AB2DB3280D3A}.Debug|Any CPU.ActiveCfg = Debug|iPhone
		{115F46EE-90F7-4AB8-A15A-AB2DB3280D3A}.Debug|Any CPU.Build.0 = Debug|iPhone
		{115F46EE-90F7-4AB8-A15A-AB2DB3280D3A}.Debug|Any CPU.Deploy.0 = Debug|iPhone
		{115F46EE-90F7-4AB8-A15A-AB2DB3280D3A}.Debug|iPhone.ActiveCfg = Debug|iPhone
		{115F46EE-90F7-4AB8-A15A-AB2DB3280D3A}.Debug|iPhone.Build.0 = Debug|iPhone
		{115F46EE-90F7-4AB8-A15A-AB2DB3280D3A}.Debug|iPhone.Deploy.0 = Debug|iPhone
		{115F46EE-90F7-4AB8-A15A-AB2DB3280D3A}.Debug|iPhoneSimulator.ActiveCfg = Debug|iPhoneSimulator
		{115F46EE-90F7-4AB8-A15A-AB2DB3280D3A}.Debug|iPhoneSimulator.Build.0 = Debug|iPhoneSimulator
		{115F46EE-90F7-4AB8-A15A-AB2DB3280D3A}.Debug|iPhoneSimulator.Deploy.0 = Debug|iPhoneSimulator
		{115F46EE-90F7-4AB8-A15A-AB2DB3280D3A}.Release|Any CPU.ActiveCfg = Release|iPhoneSimulator
		{115F46EE-90F7-4AB8-A15A-AB2DB3280D3A}.Release|Any CPU.Build.0 = Release|iPhoneSimulator
		{115F46EE-90F7-4AB8-A15A-AB2DB3280D3A}.Release|Any CPU.Deploy.0 = Release|iPhoneSimulator
		{115F46EE-90F7-4AB8-A15A-AB2DB3280D3A}.Release|iPhone.ActiveCfg = Release|iPhone
		{115F46EE-90F7-4AB8-A15A-AB2DB3280D3A}.Release|iPhone.Build.0 = Release|iPhone
		{115F46EE-90F7-4AB8-A15A-AB2DB3280D3A}.Release|iPhone.Deploy.0 = Release|iPhone
		{115F46EE-90F7-4AB8-A15A-AB2DB3280D3A}.Release|iPhoneSimulator.ActiveCfg = Release|iPhoneSimulator
		{115F46EE-90F7-4AB8-A15A-AB2DB3280D3A}.Release|iPhoneSimulator.Build.0 = Release|iPhoneSimulator
		{115F46EE-90F7-4AB8-A15A-AB2DB3280D3A}.Release|iPhoneSimulator.Deploy.0 = Release|iPhoneSimulator
		{9CAF221F-F9B4-4D7D-948D-9BE9380DC664}.Debug|Any CPU.ActiveCfg = Debug|Any CPU
		{9CAF221F-F9B4-4D7D-948D-9BE9380DC664}.Debug|Any CPU.Build.0 = Debug|Any CPU
		{9CAF221F-F9B4-4D7D-948D-9BE9380DC664}.Debug|Any CPU.Deploy.0 = Debug|Any CPU
		{9CAF221F-F9B4-4D7D-948D-9BE9380DC664}.Debug|iPhone.ActiveCfg = Debug|Any CPU
		{9CAF221F-F9B4-4D7D-948D-9BE9380DC664}.Debug|iPhone.Build.0 = Debug|Any CPU
		{9CAF221F-F9B4-4D7D-948D-9BE9380DC664}.Debug|iPhone.Deploy.0 = Debug|Any CPU
		{9CAF221F-F9B4-4D7D-948D-9BE9380DC664}.Debug|iPhoneSimulator.ActiveCfg = Debug|Any CPU
		{9CAF221F-F9B4-4D7D-948D-9BE9380DC664}.Debug|iPhoneSimulator.Build.0 = Debug|Any CPU
		{9CAF221F-F9B4-4D7D-948D-9BE9380DC664}.Debug|iPhoneSimulator.Deploy.0 = Debug|Any CPU
		{9CAF221F-F9B4-4D7D-948D-9BE9380DC664}.Release|Any CPU.ActiveCfg = Release|Any CPU
		{9CAF221F-F9B4-4D7D-948D-9BE9380DC664}.Release|Any CPU.Build.0 = Release|Any CPU
		{9CAF221F-F9B4-4D7D-948D-9BE9380DC664}.Release|Any CPU.Deploy.0 = Release|Any CPU
		{9CAF221F-F9B4-4D7D-948D-9BE9380DC664}.Release|iPhone.ActiveCfg = Release|Any CPU
		{9CAF221F-F9B4-4D7D-948D-9BE9380DC664}.Release|iPhone.Build.0 = Release|Any CPU
		{9CAF221F-F9B4-4D7D-948D-9BE9380DC664}.Release|iPhone.Deploy.0 = Release|Any CPU
		{9CAF221F-F9B4-4D7D-948D-9BE9380DC664}.Release|iPhoneSimulator.ActiveCfg = Release|Any CPU
		{9CAF221F-F9B4-4D7D-948D-9BE9380DC664}.Release|iPhoneSimulator.Build.0 = Release|Any CPU
		{9CAF221F-F9B4-4D7D-948D-9BE9380DC664}.Release|iPhoneSimulator.Deploy.0 = Release|Any CPU
	EndGlobalSection
	GlobalSection(SolutionProperties) = preSolution
		HideSolutionNode = FALSE
	EndGlobalSection
	GlobalSection(ExtensibilityGlobals) = postSolution
		SolutionGuid = {E6EA7542-C2A5-4F79-B06D-17C7279B491E}
	EndGlobalSection
EndGlobal
